// !$*UTF8*$!
{
	archiveVersion = 1;
	classes = {
	};
	objectVersion = 77;
	objects = {

/* Begin PBXContainerItemProxy section */
		023198122DFDDF4D008122A1 /* PBXContainerItemProxy */ = {
			isa = PBXContainerItemProxy;
			containerPortal = 023197F92DFDDF4C008122A1 /* Project object */;
			proxyType = 1;
			remoteGlobalIDString = 023198002DFDDF4C008122A1;
			remoteInfo = "mobile-cross-platform-template";
		};
		0231981C2DFDDF4D008122A1 /* PBXContainerItemProxy */ = {
			isa = PBXContainerItemProxy;
			containerPortal = 023197F92DFDDF4C008122A1 /* Project object */;
			proxyType = 1;
			remoteGlobalIDString = 023198002DFDDF4C008122A1;
			remoteInfo = "mobile-cross-platform-template";
		};
/* End PBXContainerItemProxy section */

/* Begin PBXFileReference section */
		023198012DFDDF4C008122A1 /* mobile-cross-platform-template.app */ = {isa = PBXFileReference; explicitFileType = wrapper.application; includeInIndex = 0; path = "mobile-cross-platform-template.app"; sourceTree = BUILT_PRODUCTS_DIR; };
		023198112DFDDF4D008122A1 /* mobile-cross-platform-templateTests.xctest */ = {isa = PBXFileReference; explicitFileType = wrapper.cfbundle; includeInIndex = 0; path = "mobile-cross-platform-templateTests.xctest"; sourceTree = BUILT_PRODUCTS_DIR; };
		0231981B2DFDDF4D008122A1 /* mobile-cross-platform-templateUITests.xctest */ = {isa = PBXFileReference; explicitFileType = wrapper.cfbundle; includeInIndex = 0; path = "mobile-cross-platform-templateUITests.xctest"; sourceTree = BUILT_PRODUCTS_DIR; };
/* End PBXFileReference section */

/* Begin PBXFileSystemSynchronizedBuildFileExceptionSet section */
		023198522DFE02AB008122A1 /* Exceptions for "mobile-cross-platform-template" folder in "mobile-cross-platform-templateTests" target */ = {
			isa = PBXFileSystemSynchronizedBuildFileExceptionSet;
			membershipExceptions = (
				ContentView.swift,
				Models/GameState.swift,
				Models/Prompt.swift,
				Views/HomeView.swift,
			);
			target = 023198102DFDDF4D008122A1 /* mobile-cross-platform-templateTests */;
		};
		023198532DFE02AB008122A1 /* Exceptions for "mobile-cross-platform-template" folder in "mobile-cross-platform-templateUITests" target */ = {
			isa = PBXFileSystemSynchronizedBuildFileExceptionSet;
			membershipExceptions = (
				ContentView.swift,
				Models/GameState.swift,
				Models/Prompt.swift,
				Views/HomeView.swift,
			);
			target = 0231981A2DFDDF4D008122A1 /* mobile-cross-platform-templateUITests */;
		};
/* End PBXFileSystemSynchronizedBuildFileExceptionSet section */

/* Begin PBXFileSystemSynchronizedRootGroup section */
		023198032DFDDF4C008122A1 /* mobile-cross-platform-template */ = {
			isa = PBXFileSystemSynchronizedRootGroup;
			exceptions = (
				023198522DFE02AB008122A1 /* Exceptions for "mobile-cross-platform-template" folder in "mobile-cross-platform-templateTests" target */,
				023198532DFE02AB008122A1 /* Exceptions for "mobile-cross-platform-template" folder in "mobile-cross-platform-templateUITests" target */,
			);
			path = "mobile-cross-platform-template";
			sourceTree = "<group>";
		};
		023198142DFDDF4D008122A1 /* mobile-cross-platform-templateTests */ = {
			isa = PBXFileSystemSynchronizedRootGroup;
			path = "mobile-cross-platform-templateTests";
			sourceTree = "<group>";
		};
		0231981E2DFDDF4D008122A1 /* mobile-cross-platform-templateUITests */ = {
			isa = PBXFileSystemSynchronizedRootGroup;
			path = "mobile-cross-platform-templateUITests";
			sourceTree = "<group>";
		};
/* End PBXFileSystemSynchronizedRootGroup section */

/* Begin PBXFrameworksBuildPhase section */
		023197FE2DFDDF4C008122A1 /* Frameworks */ = {
			isa = PBXFrameworksBuildPhase;
			buildActionMask = 2147483647;
			files = (
			);
			runOnlyForDeploymentPostprocessing = 0;
		};
		0231980E2DFDDF4D008122A1 /* Frameworks */ = {
			isa = PBXFrameworksBuildPhase;
			buildActionMask = 2147483647;
			files = (
			);
			runOnlyForDeploymentPostprocessing = 0;
		};
		023198182DFDDF4D008122A1 /* Frameworks */ = {
			isa = PBXFrameworksBuildPhase;
			buildActionMask = 2147483647;
			files = (
			);
			runOnlyForDeploymentPostprocessing = 0;
		};
/* End PBXFrameworksBuildPhase section */

/* Begin PBXGroup section */
		023197F82DFDDF4C008122A1 = {
			isa = PBXGroup;
			children = (
				023198032DFDDF4C008122A1 /* mobile-cross-platform-template */,
				023198142DFDDF4D008122A1 /* mobile-cross-platform-templateTests */,
				0231981E2DFDDF4D008122A1 /* mobile-cross-platform-templateUITests */,
				023198022DFDDF4C008122A1 /* Products */,
			);
			sourceTree = "<group>";
		};
		023198022DFDDF4C008122A1 /* Products */ = {
			isa = PBXGroup;
			children = (
				023198012DFDDF4C008122A1 /* mobile-cross-platform-template.app */,
				023198112DFDDF4D008122A1 /* mobile-cross-platform-templateTests.xctest */,
				0231981B2DFDDF4D008122A1 /* mobile-cross-platform-templateUITests.xctest */,
			);
			name = Products;
			sourceTree = "<group>";
		};
/* End PBXGroup section */

/* Begin PBXNativeTarget section */
		023198002DFDDF4C008122A1 /* mobile-cross-platform-template */ = {
			isa = PBXNativeTarget;
			buildConfigurationList = 023198252DFDDF4D008122A1 /* Build configuration list for PBXNativeTarget "mobile-cross-platform-template" */;
			buildPhases = (
				023197FD2DFDDF4C008122A1 /* Sources */,
				023197FE2DFDDF4C008122A1 /* Frameworks */,
				023197FF2DFDDF4C008122A1 /* Resources */,
			);
			buildRules = (
			);
			dependencies = (
			);
			fileSystemSynchronizedGroups = (
				023198032DFDDF4C008122A1 /* mobile-cross-platform-template */,
			);
			name = "mobile-cross-platform-template";
			packageProductDependencies = (
			);
			productName = "mobile-cross-platform-template";
			productReference = 023198012DFDDF4C008122A1 /* mobile-cross-platform-template.app */;
			productType = "com.apple.product-type.application";
		};
		023198102DFDDF4D008122A1 /* mobile-cross-platform-templateTests */ = {
			isa = PBXNativeTarget;
			buildConfigurationList = 023198282DFDDF4D008122A1 /* Build configuration list for PBXNativeTarget "mobile-cross-platform-templateTests" */;
			buildPhases = (
				0231980D2DFDDF4D008122A1 /* Sources */,
				0231980E2DFDDF4D008122A1 /* Frameworks */,
				0231980F2DFDDF4D008122A1 /* Resources */,
			);
			buildRules = (
			);
			dependencies = (
				023198132DFDDF4D008122A1 /* PBXTargetDependency */,
			);
			fileSystemSynchronizedGroups = (
				023198142DFDDF4D008122A1 /* mobile-cross-platform-templateTests */,
			);
			name = "mobile-cross-platform-templateTests";
			packageProductDependencies = (
			);
			productName = "mobile-cross-platform-templateTests";
			productReference = 023198112DFDDF4D008122A1 /* mobile-cross-platform-templateTests.xctest */;
			productType = "com.apple.product-type.bundle.unit-test";
		};
		0231981A2DFDDF4D008122A1 /* mobile-cross-platform-templateUITests */ = {
			isa = PBXNativeTarget;
			buildConfigurationList = 0231982B2DFDDF4D008122A1 /* Build configuration list for PBXNativeTarget "mobile-cross-platform-templateUITests" */;
			buildPhases = (
				023198172DFDDF4D008122A1 /* Sources */,
				023198182DFDDF4D008122A1 /* Frameworks */,
				023198192DFDDF4D008122A1 /* Resources */,
			);
			buildRules = (
			);
			dependencies = (
				0231981D2DFDDF4D008122A1 /* PBXTargetDependency */,
			);
			fileSystemSynchronizedGroups = (
				0231981E2DFDDF4D008122A1 /* mobile-cross-platform-templateUITests */,
			);
			name = "mobile-cross-platform-templateUITests";
			packageProductDependencies = (
			);
			productName = "mobile-cross-platform-templateUITests";
			productReference = 0231981B2DFDDF4D008122A1 /* mobile-cross-platform-templateUITests.xctest */;
			productType = "com.apple.product-type.bundle.ui-testing";
		};
/* End PBXNativeTarget section */

/* Begin PBXProject section */
		023197F92DFDDF4C008122A1 /* Project object */ = {
			isa = PBXProject;
			attributes = {
				BuildIndependentTargetsInParallel = 1;
				LastSwiftUpdateCheck = 1600;
				LastUpgradeCheck = 1600;
				TargetAttributes = {
					023198002DFDDF4C008122A1 = {
						CreatedOnToolsVersion = 16.0;
					};
					023198102DFDDF4D008122A1 = {
						CreatedOnToolsVersion = 16.0;
						TestTargetID = 023198002DFDDF4C008122A1;
					};
					0231981A2DFDDF4D008122A1 = {
						CreatedOnToolsVersion = 16.0;
						TestTargetID = 023198002DFDDF4C008122A1;
					};
				};
			};
			buildConfigurationList = 023197FC2DFDDF4C008122A1 /* Build configuration list for PBXProject "mobile-cross-platform-template" */;
			developmentRegion = en;
			hasScannedForEncodings = 0;
			knownRegions = (
				en,
				Base,
			);
			mainGroup = 023197F82DFDDF4C008122A1;
			minimizedProjectReferenceProxies = 1;
			preferredProjectObjectVersion = 77;
			productRefGroup = 023198022DFDDF4C008122A1 /* Products */;
			projectDirPath = "";
			projectRoot = "";
			targets = (
				023198002DFDDF4C008122A1 /* mobile-cross-platform-template */,
				023198102DFDDF4D008122A1 /* mobile-cross-platform-templateTests */,
				0231981A2DFDDF4D008122A1 /* mobile-cross-platform-templateUITests */,
			);
		};
/* End PBXProject section */

/* Begin PBXResourcesBuildPhase section */
		023197FF2DFDDF4C008122A1 /* Resources */ = {
			isa = PBXResourcesBuildPhase;
			buildActionMask = 2147483647;
			files = (
			);
			runOnlyForDeploymentPostprocessing = 0;
		};
		0231980F2DFDDF4D008122A1 /* Resources */ = {
			isa = PBXResourcesBuildPhase;
			buildActionMask = 2147483647;
			files = (
			);
			runOnlyForDeploymentPostprocessing = 0;
		};
		023198192DFDDF4D008122A1 /* Resources */ = {
			isa = PBXResourcesBuildPhase;
			buildActionMask = 2147483647;
			files = (
			);
			runOnlyForDeploymentPostprocessing = 0;
		};
/* End PBXResourcesBuildPhase section */

/* Begin PBXSourcesBuildPhase section */
		023197FD2DFDDF4C008122A1 /* Sources */ = {
			isa = PBXSourcesBuildPhase;
			buildActionMask = 2147483647;
			files = (
			);
			runOnlyForDeploymentPostprocessing = 0;
		};
		0231980D2DFDDF4D008122A1 /* Sources */ = {
			isa = PBXSourcesBuildPhase;
			buildActionMask = 2147483647;
			files = (
			);
			runOnlyForDeploymentPostprocessing = 0;
		};
		023198172DFDDF4D008122A1 /* Sources */ = {
			isa = PBXSourcesBuildPhase;
			buildActionMask = 2147483647;
			files = (
			);
			runOnlyForDeploymentPostprocessing = 0;
		};
/* End PBXSourcesBuildPhase section */

/* Begin PBXTargetDependency section */
		023198132DFDDF4D008122A1 /* PBXTargetDependency */ = {
			isa = PBXTargetDependency;
			target = 023198002DFDDF4C008122A1 /* mobile-cross-platform-template */;
			targetProxy = 023198122DFDDF4D008122A1 /* PBXContainerItemProxy */;
		};
		0231981D2DFDDF4D008122A1 /* PBXTargetDependency */ = {
			isa = PBXTargetDependency;
			target = 023198002DFDDF4C008122A1 /* mobile-cross-platform-template */;
			targetProxy = 0231981C2DFDDF4D008122A1 /* PBXContainerItemProxy */;
		};
/* End PBXTargetDependency section */

/* Begin XCBuildConfiguration section */
		023198232DFDDF4D008122A1 /* Debug */ = {
			isa = XCBuildConfiguration;
			buildSettings = {
				ALWAYS_SEARCH_USER_PATHS = NO;
				ASSETCATALOG_COMPILER_GENERATE_SWIFT_ASSET_SYMBOL_EXTENSIONS = YES;
				CLANG_ANALYZER_NONNULL = YES;
				CLANG_ANALYZER_NUMBER_OBJECT_CONVERSION = YES_AGGRESSIVE;
				CLANG_CXX_LANGUAGE_STANDARD = "gnu++20";
				CLANG_ENABLE_MODULES = YES;
				CLANG_ENABLE_OBJC_ARC = YES;
				CLANG_ENABLE_OBJC_WEAK = YES;
				CLANG_WARN_BLOCK_CAPTURE_AUTORELEASING = YES;
				CLANG_WARN_BOOL_CONVERSION = YES;
				CLANG_WARN_COMMA = YES;
				CLANG_WARN_CONSTANT_CONVERSION = YES;
				CLANG_WARN_DEPRECATED_OBJC_IMPLEMENTATIONS = YES;
				CLANG_WARN_DIRECT_OBJC_ISA_USAGE = YES_ERROR;
				CLANG_WARN_DOCUMENTATION_COMMENTS = YES;
				CLANG_WARN_EMPTY_BODY = YES;
				CLANG_WARN_ENUM_CONVERSION = YES;
				CLANG_WARN_INFINITE_RECURSION = YES;
				CLANG_WARN_INT_CONVERSION = YES;
				CLANG_WARN_NON_LITERAL_NULL_CONVERSION = YES;
				CLANG_WARN_OBJC_IMPLICIT_RETAIN_SELF = YES;
				CLANG_WARN_OBJC_LITERAL_CONVERSION = YES;
				CLANG_WARN_OBJC_ROOT_CLASS = YES_ERROR;
				CLANG_WARN_QUOTED_INCLUDE_IN_FRAMEWORK_HEADER = YES;
				CLANG_WARN_RANGE_LOOP_ANALYSIS = YES;
				CLANG_WARN_STRICT_PROTOTYPES = YES;
				CLANG_WARN_SUSPICIOUS_MOVE = YES;
				CLANG_WARN_UNGUARDED_AVAILABILITY = YES_AGGRESSIVE;
				CLANG_WARN_UNREACHABLE_CODE = YES;
				CLANG_WARN__DUPLICATE_METHOD_MATCH = YES;
				COPY_PHASE_STRIP = NO;
				DEBUG_INFORMATION_FORMAT = dwarf;
				ENABLE_STRICT_OBJC_MSGSEND = YES;
				ENABLE_TESTABILITY = YES;
				ENABLE_USER_SCRIPT_SANDBOXING = YES;
				GCC_C_LANGUAGE_STANDARD = gnu17;
				GCC_DYNAMIC_NO_PIC = NO;
				GCC_NO_COMMON_BLOCKS = YES;
				GCC_OPTIMIZATION_LEVEL = 0;
				GCC_PREPROCESSOR_DEFINITIONS = (
					"DEBUG=1",
					"$(inherited)",
				);
				GCC_WARN_64_TO_32_BIT_CONVERSION = YES;
				GCC_WARN_ABOUT_RETURN_TYPE = YES_ERROR;
				GCC_WARN_UNDECLARED_SELECTOR = YES;
				GCC_WARN_UNINITIALIZED_AUTOS = YES_AGGRESSIVE;
				GCC_WARN_UNUSED_FUNCTION = YES;
				GCC_WARN_UNUSED_VARIABLE = YES;
				IPHONEOS_DEPLOYMENT_TARGET = 18.0;
				LOCALIZATION_PREFERS_STRING_CATALOGS = YES;
				MTL_ENABLE_DEBUG_INFO = INCLUDE_SOURCE;
				MTL_FAST_MATH = YES;
				ONLY_ACTIVE_ARCH = YES;
				SDKROOT = iphoneos;
				SWIFT_ACTIVE_COMPILATION_CONDITIONS = "DEBUG $(inherited)";
				SWIFT_OPTIMIZATION_LEVEL = "-Onone";
			};
			name = Debug;
		};
		023198242DFDDF4D008122A1 /* Release */ = {
			isa = XCBuildConfiguration;
			buildSettings = {
				ALWAYS_SEARCH_USER_PATHS = NO;
				ASSETCATALOG_COMPILER_GENERATE_SWIFT_ASSET_SYMBOL_EXTENSIONS = YES;
				CLANG_ANALYZER_NONNULL = YES;
				CLANG_ANALYZER_NUMBER_OBJECT_CONVERSION = YES_AGGRESSIVE;
				CLANG_CXX_LANGUAGE_STANDARD = "gnu++20";
				CLANG_ENABLE_MODULES = YES;
				CLANG_ENABLE_OBJC_ARC = YES;
				CLANG_ENABLE_OBJC_WEAK = YES;
				CLANG_WARN_BLOCK_CAPTURE_AUTORELEASING = YES;
				CLANG_WARN_BOOL_CONVERSION = YES;
				CLANG_WARN_COMMA = YES;
				CLANG_WARN_CONSTANT_CONVERSION = YES;
				CLANG_WARN_DEPRECATED_OBJC_IMPLEMENTATIONS = YES;
				CLANG_WARN_DIRECT_OBJC_ISA_USAGE = YES_ERROR;
				CLANG_WARN_DOCUMENTATION_COMMENTS = YES;
				CLANG_WARN_EMPTY_BODY = YES;
				CLANG_WARN_ENUM_CONVERSION = YES;
				CLANG_WARN_INFINITE_RECURSION = YES;
				CLANG_WARN_INT_CONVERSION = YES;
				CLANG_WARN_NON_LITERAL_NULL_CONVERSION = YES;
				CLANG_WARN_OBJC_IMPLICIT_RETAIN_SELF = YES;
				CLANG_WARN_OBJC_LITERAL_CONVERSION = YES;
				CLANG_WARN_OBJC_ROOT_CLASS = YES_ERROR;
				CLANG_WARN_QUOTED_INCLUDE_IN_FRAMEWORK_HEADER = YES;
				CLANG_WARN_RANGE_LOOP_ANALYSIS = YES;
				CLANG_WARN_STRICT_PROTOTYPES = YES;
				CLANG_WARN_SUSPICIOUS_MOVE = YES;
				CLANG_WARN_UNGUARDED_AVAILABILITY = YES_AGGRESSIVE;
				CLANG_WARN_UNREACHABLE_CODE = YES;
				CLANG_WARN__DUPLICATE_METHOD_MATCH = YES;
				COPY_PHASE_STRIP = NO;
				DEBUG_INFORMATION_FORMAT = "dwarf-with-dsym";
				ENABLE_NS_ASSERTIONS = NO;
				ENABLE_STRICT_OBJC_MSGSEND = YES;
				ENABLE_USER_SCRIPT_SANDBOXING = YES;
				GCC_C_LANGUAGE_STANDARD = gnu17;
				GCC_NO_COMMON_BLOCKS = YES;
				GCC_WARN_64_TO_32_BIT_CONVERSION = YES;
				GCC_WARN_ABOUT_RETURN_TYPE = YES_ERROR;
				GCC_WARN_UNDECLARED_SELECTOR = YES;
				GCC_WARN_UNINITIALIZED_AUTOS = YES_AGGRESSIVE;
				GCC_WARN_UNUSED_FUNCTION = YES;
				GCC_WARN_UNUSED_VARIABLE = YES;
				IPHONEOS_DEPLOYMENT_TARGET = 18.0;
				LOCALIZATION_PREFERS_STRING_CATALOGS = YES;
				MTL_ENABLE_DEBUG_INFO = NO;
				MTL_FAST_MATH = YES;
				SDKROOT = iphoneos;
				SWIFT_COMPILATION_MODE = wholemodule;
				VALIDATE_PRODUCT = YES;
			};
			name = Release;
		};
		023198262DFDDF4D008122A1 /* Debug */ = {
			isa = XCBuildConfiguration;
			buildSettings = {
				ASSETCATALOG_COMPILER_APPICON_NAME = AppIcon;
				ASSETCATALOG_COMPILER_GLOBAL_ACCENT_COLOR_NAME = AccentColor;
				CODE_SIGN_STYLE = Automatic;
				CURRENT_PROJECT_VERSION = 1;
				DEVELOPMENT_ASSET_PATHS = "\"mobile-cross-platform-template/Preview Content\"";
				DEVELOPMENT_TEAM = 3J45U6RB3X;
				ENABLE_PREVIEWS = YES;
				GENERATE_INFOPLIST_FILE = YES;
				INFOPLIST_KEY_UIApplicationSceneManifest_Generation = YES;
				INFOPLIST_KEY_UIApplicationSupportsIndirectInputEvents = YES;
				INFOPLIST_KEY_UILaunchScreen_Generation = YES;
				INFOPLIST_KEY_UISupportedInterfaceOrientations_iPad = "UIInterfaceOrientationPortrait UIInterfaceOrientationPortraitUpsideDown UIInterfaceOrientationLandscapeLeft UIInterfaceOrientationLandscapeRight";
				INFOPLIST_KEY_UISupportedInterfaceOrientations_iPhone = "UIInterfaceOrientationPortrait UIInterfaceOrientationLandscapeLeft UIInterfaceOrientationLandscapeRight";
				LD_RUNPATH_SEARCH_PATHS = (
					"$(inherited)",
					"@executable_path/Frameworks",
				);
				MARKETING_VERSION = 1.0;
				PRODUCT_BUNDLE_IDENTIFIER = com.swiftprogram.mobile_cross_platform_template;
				PRODUCT_NAME = "$(TARGET_NAME)";
				SWIFT_EMIT_LOC_STRINGS = YES;
				SWIFT_VERSION = 5.0;
				TARGETED_DEVICE_FAMILY = "1,2";
			};
			name = Debug;
		};
		023198272DFDDF4D008122A1 /* Release */ = {
			isa = XCBuildConfiguration;
			buildSettings = {
				ASSETCATALOG_COMPILER_APPICON_NAME = AppIcon;
				ASSETCATALOG_COMPILER_GLOBAL_ACCENT_COLOR_NAME = AccentColor;
				CODE_SIGN_STYLE = Automatic;
				CURRENT_PROJECT_VERSION = 1;
				DEVELOPMENT_ASSET_PATHS = "\"mobile-cross-platform-template/Preview Content\"";
				DEVELOPMENT_TEAM = 3J45U6RB3X;
				ENABLE_PREVIEWS = YES;
				GENERATE_INFOPLIST_FILE = YES;
				INFOPLIST_KEY_UIApplicationSceneManifest_Generation = YES;
				INFOPLIST_KEY_UIApplicationSupportsIndirectInputEvents = YES;
				INFOPLIST_KEY_UILaunchScreen_Generation = YES;
				INFOPLIST_KEY_UISupportedInterfaceOrientations_iPad = "UIInterfaceOrientationPortrait UIInterfaceOrientationPortraitUpsideDown UIInterfaceOrientationLandscapeLeft UIInterfaceOrientationLandscapeRight";
				INFOPLIST_KEY_UISupportedInterfaceOrientations_iPhone = "UIInterfaceOrientationPortrait UIInterfaceOrientationLandscapeLeft UIInterfaceOrientationLandscapeRight";
				LD_RUNPATH_SEARCH_PATHS = (
					"$(inherited)",
					"@executable_path/Frameworks",
				);
				MARKETING_VERSION = 1.0;
				PRODUCT_BUNDLE_IDENTIFIER = com.swiftprogram.mobile_cross_platform_template;
				PRODUCT_NAME = "$(TARGET_NAME)";
				SWIFT_EMIT_LOC_STRINGS = YES;
				SWIFT_VERSION = 5.0;
				TARGETED_DEVICE_FAMILY = "1,2";
			};
			name = Release;
		};
		023198292DFDDF4D008122A1 /* Debug */ = {
			isa = XCBuildConfiguration;
			buildSettings = {
				BUNDLE_LOADER = "$(TEST_HOST)";
				CODE_SIGN_STYLE = Automatic;
				CURRENT_PROJECT_VERSION = 1;
				DEVELOPMENT_TEAM = 3J45U6RB3X;
				GENERATE_INFOPLIST_FILE = YES;
				IPHONEOS_DEPLOYMENT_TARGET = 18.0;
				MARKETING_VERSION = 1.0;
				PRODUCT_BUNDLE_IDENTIFIER = com.swiftprogram.mobile_cross_platform_templateTests;
				PRODUCT_NAME = "$(TARGET_NAME)";
				SWIFT_EMIT_LOC_STRINGS = NO;
				SWIFT_VERSION = 5.0;
				TARGETED_DEVICE_FAMILY = "1,2";
				TEST_HOST = "$(BUILT_PRODUCTS_DIR)/mobile-cross-platform-template.app/$(BUNDLE_EXECUTABLE_FOLDER_PATH)/mobile-cross-platform-template";
			};
			name = Debug;
		};
		0231982A2DFDDF4D008122A1 /* Release */ = {
			isa = XCBuildConfiguration;
			buildSettings = {
				BUNDLE_LOADER = "$(TEST_HOST)";
				CODE_SIGN_STYLE = Automatic;
				CURRENT_PROJECT_VERSION = 1;
				DEVELOPMENT_TEAM = 3J45U6RB3X;
				GENERATE_INFOPLIST_FILE = YES;
				IPHONEOS_DEPLOYMENT_TARGET = 18.0;
				MARKETING_VERSION = 1.0;
				PRODUCT_BUNDLE_IDENTIFIER = com.swiftprogram.mobile_cross_platform_templateTests;
				PRODUCT_NAME = "$(TARGET_NAME)";
				SWIFT_EMIT_LOC_STRINGS = NO;
				SWIFT_VERSION = 5.0;
				TARGETED_DEVICE_FAMILY = "1,2";
				TEST_HOST = "$(BUILT_PRODUCTS_DIR)/mobile-cross-platform-template.app/$(BUNDLE_EXECUTABLE_FOLDER_PATH)/mobile-cross-platform-template";
			};
			name = Release;
		};
		0231982C2DFDDF4D008122A1 /* Debug */ = {
			isa = XCBuildConfiguration;
			buildSettings = {
				CODE_SIGN_STYLE = Automatic;
				CURRENT_PROJECT_VERSION = 1;
				DEVELOPMENT_TEAM = 3J45U6RB3X;
				GENERATE_INFOPLIST_FILE = YES;
				MARKETING_VERSION = 1.0;
				PRODUCT_BUNDLE_IDENTIFIER = com.swiftprogram.mobile_cross_platform_templateUITests;
				PRODUCT_NAME = "$(TARGET_NAME)";
				SWIFT_EMIT_LOC_STRINGS = NO;
				SWIFT_VERSION = 5.0;
				TARGETED_DEVICE_FAMILY = "1,2";
				TEST_TARGET_NAME = "mobile-cross-platform-template";
			};
			name = Debug;
		};
		0231982D2DFDDF4D008122A1 /* Release */ = {
			isa = XCBuildConfiguration;
			buildSettings = {
				CODE_SIGN_STYLE = Automatic;
				CURRENT_PROJECT_VERSION = 1;
				DEVELOPMENT_TEAM = 3J45U6RB3X;
				GENERATE_INFOPLIST_FILE = YES;
				MARKETING_VERSION = 1.0;
				PRODUCT_BUNDLE_IDENTIFIER = com.swiftprogram.mobile_cross_platform_templateUITests;
				PRODUCT_NAME = "$(TARGET_NAME)";
				SWIFT_EMIT_LOC_STRINGS = NO;
				SWIFT_VERSION = 5.0;
				TARGETED_DEVICE_FAMILY = "1,2";
				TEST_TARGET_NAME = "mobile-cross-platform-template";
			};
			name = Release;
		};
/* End XCBuildConfiguration section */

/* Begin XCConfigurationList section */
		023197FC2DFDDF4C008122A1 /* Build configuration list for PBXProject "mobile-cross-platform-template" */ = {
			isa = XCConfigurationList;
			buildConfigurations = (
				023198232DFDDF4D008122A1 /* Debug */,
				023198242DFDDF4D008122A1 /* Release */,
			);
			defaultConfigurationIsVisible = 0;
			defaultConfigurationName = Release;
		};
		023198252DFDDF4D008122A1 /* Build configuration list for PBXNativeTarget "mobile-cross-platform-template" */ = {
			isa = XCConfigurationList;
			buildConfigurations = (
				023198262DFDDF4D008122A1 /* Debug */,
				023198272DFDDF4D008122A1 /* Release */,
			);
			defaultConfigurationIsVisible = 0;
			defaultConfigurationName = Release;
		};
		023198282DFDDF4D008122A1 /* Build configuration list for PBXNativeTarget "mobile-cross-platform-templateTests" */ = {
			isa = XCConfigurationList;
			buildConfigurations = (
				023198292DFDDF4D008122A1 /* Debug */,
				0231982A2DFDDF4D008122A1 /* Release */,
			);
			defaultConfigurationIsVisible = 0;
			defaultConfigurationName = Release;
		};
		0231982B2DFDDF4D008122A1 /* Build configuration list for PBXNativeTarget "mobile-cross-platform-templateUITests" */ = {
			isa = XCConfigurationList;
			buildConfigurations = (
				0231982C2DFDDF4D008122A1 /* Debug */,
				0231982D2DFDDF4D008122A1 /* Release */,
			);
			defaultConfigurationIsVisible = 0;
			defaultConfigurationName = Release;
		};
/* End XCConfigurationList section */
	};
	rootObject = 023197F92DFDDF4C008122A1 /* Project object */;
}
